{
  "version": 4,
  "terraform_version": "1.3.6",
  "serial": 9,
  "lineage": "e35b39f5-41e9-dbe7-07dc-9768ee7cff93",
  "outputs": {
    "instance_ip_addr": {
      "value": "172.31.21.105",
      "type": "string"
    },
    "instance_ip_addr2": {
      "value": "34.203.199.56",
      "type": "string"
    }
  },
  "resources": [
    {
      "mode": "managed",
      "type": "aws_instance",
      "name": "demo",
      "provider": "provider[\"registry.terraform.io/hashicorp/aws\"]",
      "instances": [
        {
          "schema_version": 1,
          "attributes": {
            "ami": "ami-0574da719dca65348",
            "arn": "arn:aws:ec2:us-east-1:095797670286:instance/i-00af772c532131ae9",
            "associate_public_ip_address": true,
            "availability_zone": "us-east-1d",
            "capacity_reservation_specification": [
              {
                "capacity_reservation_preference": "open",
                "capacity_reservation_target": []
              }
            ],
            "cpu_core_count": 1,
            "cpu_threads_per_core": 1,
            "credit_specification": [
              {
                "cpu_credits": "standard"
              }
            ],
            "disable_api_stop": false,
            "disable_api_termination": false,
            "ebs_block_device": [],
            "ebs_optimized": false,
            "enclave_options": [
              {
                "enabled": false
              }
            ],
            "ephemeral_block_device": [],
            "get_password_data": false,
            "hibernation": false,
            "host_id": null,
            "host_resource_group_arn": null,
            "iam_instance_profile": "",
            "id": "i-00af772c532131ae9",
            "instance_initiated_shutdown_behavior": "stop",
            "instance_state": "running",
            "instance_type": "t2.small",
            "ipv6_address_count": 0,
            "ipv6_addresses": [],
            "key_name": "ssshkey",
            "launch_template": [],
            "maintenance_options": [
              {
                "auto_recovery": "default"
              }
            ],
            "metadata_options": [
              {
                "http_endpoint": "enabled",
                "http_put_response_hop_limit": 1,
                "http_tokens": "optional",
                "instance_metadata_tags": "disabled"
              }
            ],
            "monitoring": false,
            "network_interface": [],
            "outpost_arn": "",
            "password_data": "",
            "placement_group": "",
            "placement_partition_number": null,
            "primary_network_interface_id": "eni-06362561c10ed2f9a",
            "private_dns": "ip-172-31-21-105.ec2.internal",
            "private_dns_name_options": [
              {
                "enable_resource_name_dns_a_record": false,
                "enable_resource_name_dns_aaaa_record": false,
                "hostname_type": "ip-name"
              }
            ],
            "private_ip": "172.31.21.105",
            "public_dns": "ec2-34-203-199-56.compute-1.amazonaws.com",
            "public_ip": "34.203.199.56",
            "root_block_device": [
              {
                "delete_on_termination": true,
                "device_name": "/dev/sda1",
                "encrypted": false,
                "iops": 100,
                "kms_key_id": "",
                "tags": {},
                "throughput": 0,
                "volume_id": "vol-0aa816b86562b0877",
                "volume_size": 8,
                "volume_type": "gp2"
              }
            ],
            "secondary_private_ips": [],
            "security_groups": [
              "default"
            ],
            "source_dest_check": true,
            "subnet_id": "subnet-0c8927401b684421d",
            "tags": {
              "Name": "PrepServer"
            },
            "tags_all": {
              "Name": "PrepServer"
            },
            "tenancy": "default",
            "timeouts": null,
            "user_data": null,
            "user_data_base64": null,
            "user_data_replace_on_change": false,
            "volume_tags": null,
            "vpc_security_group_ids": [
              "sg-0ef755d12ff59b9b1"
            ]
          },
          "sensitive_attributes": [],
          "private": "eyJlMmJmYjczMC1lY2FhLTExZTYtOGY4OC0zNDM2M2JjN2M0YzAiOnsiY3JlYXRlIjo2MDAwMDAwMDAwMDAsImRlbGV0ZSI6MTIwMDAwMDAwMDAwMCwidXBkYXRlIjo2MDAwMDAwMDAwMDB9LCJzY2hlbWFfdmVyc2lvbiI6IjEifQ==",
          "dependencies": [
            "aws_key_pair.ssshkey"
          ]
        }
      ]
    },
    {
      "mode": "managed",
      "type": "aws_key_pair",
      "name": "ssshkey",
      "provider": "provider[\"registry.terraform.io/hashicorp/aws\"]",
      "instances": [
        {
          "schema_version": 1,
          "attributes": {
            "arn": "arn:aws:ec2:us-east-1:095797670286:key-pair/ssshkey",
            "fingerprint": "e7:87:f4:cf:be:32:1b:d4:a1:fa:5c:3d:3d:ee:4a:15",
            "id": "ssshkey",
            "key_name": "ssshkey",
            "key_name_prefix": "",
            "key_pair_id": "key-096995476e1a28146",
            "key_type": "rsa",
            "public_key": "ssh-rsa AAAAB3NzaC1yc2EAAAADAQABAAABAQDO4jY/ObZFDQmK9IuDoAHJSILMXKsBOnsqnzLG53Vbbib+/ca392dqUA1uv7Ct3EacU7mIi0vPEPd4RgCSanDhovh4uSdWQehh8Aj89gvcRxIwFP3AkGwYE2HlAc9Jcm6YMrjGxVYGpIEB0gMHwnzfHLdsl+s2oyZ1HOSqN0njPkhFdt/BI9FAbZNy/xq0HOHVSZaDF0o2XnSu56vEh/XPrUWTU9nVGJOh0aE4RkYbP3OkdXn9W8yx/+FVNfxP8pebsRxgvJn7Km35eugVAK5sdcSBmbieqmg5IP82m9GqZ3YugKHohi/AyFyPKWaOv4lWInN7xgJfrlGqtZV9TqeX rajiv verma@DESKTOP-IHSAFHU",
            "tags": null,
            "tags_all": {}
          },
          "sensitive_attributes": [],
          "private": "eyJzY2hlbWFfdmVyc2lvbiI6IjEifQ=="
        }
      ]
    }
  ],
  "check_results": null
}
